
Microsoft Visual Studio Solution File, Format Version 12.00
# Visual Studio Version 17
VisualStudioVersion = 17.5.33502.453
MinimumVisualStudioVersion = 10.0.40219.1
Project("{2150E333-8FDC-42A3-9474-1A3956D46DE8}") = "Domain", "Domain", "{9206B9EA-F979-4CD1-9ABE-1FF2A717EFE4}"
EndProject
Project("{2150E333-8FDC-42A3-9474-1A3956D46DE8}") = "Infra.Bus", "Infra.Bus", "{003482EA-29E2-43F4-98D4-0E952322F461}"
EndProject
Project("{2150E333-8FDC-42A3-9474-1A3956D46DE8}") = "Infra.IoC", "Infra.IoC", "{E53F4C1C-A37A-468B-B4C3-CEBD0D54B0EB}"
EndProject
Project("{2150E333-8FDC-42A3-9474-1A3956D46DE8}") = "Microservices", "Microservices", "{38EA14BE-9D1C-4C49-B7B2-3BE6262F86A1}"
EndProject
Project("{2150E333-8FDC-42A3-9474-1A3956D46DE8}") = "Presentation", "Presentation", "{5022C376-20D9-456B-B0EB-DCE9043AA4A3}"
EndProject
Project("{9A19103F-16F7-4668-BE54-9A1E7A4F7556}") = "MicroRabbit.Domain.Core", "MicroRabbit.Domain.Core\MicroRabbit.Domain.Core.csproj", "{E3ED284F-4262-44B1-9B08-6065F948B912}"
EndProject
Project("{9A19103F-16F7-4668-BE54-9A1E7A4F7556}") = "MicroRabbit.Infra.Bus", "MicroRabbit.Infra.Bus\MicroRabbit.Infra.Bus.csproj", "{09BC7C3B-3FAC-48F0-912F-45401197586D}"
EndProject
Project("{9A19103F-16F7-4668-BE54-9A1E7A4F7556}") = "MicroRabbit.Infra.IoC", "MicroRabbit.Infra.IoC\MicroRabbit.Infra.IoC.csproj", "{3DD938E0-EF2F-4C4E-9F5D-49425012BD62}"
EndProject
Project("{2150E333-8FDC-42A3-9474-1A3956D46DE8}") = "Banking", "Banking", "{50E42EA1-3202-4E0D-A1DC-38698003285B}"
EndProject
Project("{2150E333-8FDC-42A3-9474-1A3956D46DE8}") = "Api", "Api", "{4CD019C5-E422-4B4A-8A3A-292B70F5E56F}"
EndProject
Project("{2150E333-8FDC-42A3-9474-1A3956D46DE8}") = "Application", "Application", "{454CF247-795A-438B-9006-963D83C78069}"
EndProject
Project("{2150E333-8FDC-42A3-9474-1A3956D46DE8}") = "Data", "Data", "{96E72F69-6500-4F5D-9C86-623CF7B441CC}"
EndProject
Project("{2150E333-8FDC-42A3-9474-1A3956D46DE8}") = "Domain", "Domain", "{C61A5FF7-9497-4072-A450-0F8C0CC5C07D}"
EndProject
Project("{9A19103F-16F7-4668-BE54-9A1E7A4F7556}") = "MicroRabbit.Banking.Api", "MicroRabbit.Banking.Api\MicroRabbit.Banking.Api.csproj", "{AE5361BF-1137-49A9-BD34-14A2EA236FB1}"
EndProject
Project("{9A19103F-16F7-4668-BE54-9A1E7A4F7556}") = "MicroRabbit.Banking.Application", "MicroRabbit.Banking.Application\MicroRabbit.Banking.Application.csproj", "{EEE39379-ABA7-48A0-9A5E-BFEF878BB86A}"
EndProject
Project("{9A19103F-16F7-4668-BE54-9A1E7A4F7556}") = "MicroRabbit.Banking.Data", "MicroRabbit.Banking.Data\MicroRabbit.Banking.Data.csproj", "{C6CEFE22-0A76-44D7-954C-4E344D17C911}"
EndProject
Project("{9A19103F-16F7-4668-BE54-9A1E7A4F7556}") = "MicroRabbit.Banking.Domain", "MicroRabbit.Banking.Domain\MicroRabbit.Banking.Domain.csproj", "{4C5B1B4F-53BE-424D-8B75-80B633F7D740}"
EndProject
Project("{2150E333-8FDC-42A3-9474-1A3956D46DE8}") = "Transfer", "Transfer", "{E64D589E-7012-4C1A-ACEC-A26E6A4BD921}"
EndProject
Project("{2150E333-8FDC-42A3-9474-1A3956D46DE8}") = "Api", "Api", "{280EC4B9-89CF-4E9B-AAB8-7B99ADDD5154}"
EndProject
Project("{2150E333-8FDC-42A3-9474-1A3956D46DE8}") = "Application", "Application", "{86151A50-96FD-4FFB-8E6F-8917B2C86647}"
EndProject
Project("{2150E333-8FDC-42A3-9474-1A3956D46DE8}") = "Data", "Data", "{C9CCE14A-3B7A-48BD-A27D-ABEBE26873A8}"
EndProject
Project("{2150E333-8FDC-42A3-9474-1A3956D46DE8}") = "Domain", "Domain", "{34CF1FE3-E644-4FDA-920A-AF30DDFC1566}"
EndProject
Project("{FAE04EC0-301F-11D3-BF4B-00C04F79EFBC}") = "MicroRabbit.Transfer.Api", "MicroRabbit.Transfer.Api\MicroRabbit.Transfer.Api.csproj", "{2A26C572-82BB-470D-B2C5-A2B2E0AF309E}"
EndProject
Project("{FAE04EC0-301F-11D3-BF4B-00C04F79EFBC}") = "MicroRabbit.Transfer.Application", "MicroRabbit.Transfer.Application\MicroRabbit.Transfer.Application.csproj", "{95ED3F48-5D8A-4731-A027-4CC314CF9B1B}"
EndProject
Project("{FAE04EC0-301F-11D3-BF4B-00C04F79EFBC}") = "MicroRabbit.Transfer.Data", "MicroRabbit.Transfer.Data\MicroRabbit.Transfer.Data.csproj", "{88344BDC-CC04-451D-A21A-5FCBC8680DEE}"
EndProject
Project("{FAE04EC0-301F-11D3-BF4B-00C04F79EFBC}") = "MicroRabbit.Transfer.Domain", "MicroRabbit.Transfer.Domain\MicroRabbit.Transfer.Domain.csproj", "{4040166B-35AE-4399-86E9-C516BE485923}"
EndProject
Global
	GlobalSection(SolutionConfigurationPlatforms) = preSolution
		Debug|Any CPU = Debug|Any CPU
		Release|Any CPU = Release|Any CPU
	EndGlobalSection
	GlobalSection(ProjectConfigurationPlatforms) = postSolution
		{E3ED284F-4262-44B1-9B08-6065F948B912}.Debug|Any CPU.ActiveCfg = Debug|Any CPU
		{E3ED284F-4262-44B1-9B08-6065F948B912}.Debug|Any CPU.Build.0 = Debug|Any CPU
		{E3ED284F-4262-44B1-9B08-6065F948B912}.Release|Any CPU.ActiveCfg = Release|Any CPU
		{E3ED284F-4262-44B1-9B08-6065F948B912}.Release|Any CPU.Build.0 = Release|Any CPU
		{09BC7C3B-3FAC-48F0-912F-45401197586D}.Debug|Any CPU.ActiveCfg = Debug|Any CPU
		{09BC7C3B-3FAC-48F0-912F-45401197586D}.Debug|Any CPU.Build.0 = Debug|Any CPU
		{09BC7C3B-3FAC-48F0-912F-45401197586D}.Release|Any CPU.ActiveCfg = Release|Any CPU
		{09BC7C3B-3FAC-48F0-912F-45401197586D}.Release|Any CPU.Build.0 = Release|Any CPU
		{3DD938E0-EF2F-4C4E-9F5D-49425012BD62}.Debug|Any CPU.ActiveCfg = Debug|Any CPU
		{3DD938E0-EF2F-4C4E-9F5D-49425012BD62}.Debug|Any CPU.Build.0 = Debug|Any CPU
		{3DD938E0-EF2F-4C4E-9F5D-49425012BD62}.Release|Any CPU.ActiveCfg = Release|Any CPU
		{3DD938E0-EF2F-4C4E-9F5D-49425012BD62}.Release|Any CPU.Build.0 = Release|Any CPU
		{AE5361BF-1137-49A9-BD34-14A2EA236FB1}.Debug|Any CPU.ActiveCfg = Debug|Any CPU
		{AE5361BF-1137-49A9-BD34-14A2EA236FB1}.Debug|Any CPU.Build.0 = Debug|Any CPU
		{AE5361BF-1137-49A9-BD34-14A2EA236FB1}.Release|Any CPU.ActiveCfg = Release|Any CPU
		{AE5361BF-1137-49A9-BD34-14A2EA236FB1}.Release|Any CPU.Build.0 = Release|Any CPU
		{EEE39379-ABA7-48A0-9A5E-BFEF878BB86A}.Debug|Any CPU.ActiveCfg = Debug|Any CPU
		{EEE39379-ABA7-48A0-9A5E-BFEF878BB86A}.Debug|Any CPU.Build.0 = Debug|Any CPU
		{EEE39379-ABA7-48A0-9A5E-BFEF878BB86A}.Release|Any CPU.ActiveCfg = Release|Any CPU
		{EEE39379-ABA7-48A0-9A5E-BFEF878BB86A}.Release|Any CPU.Build.0 = Release|Any CPU
		{C6CEFE22-0A76-44D7-954C-4E344D17C911}.Debug|Any CPU.ActiveCfg = Debug|Any CPU
		{C6CEFE22-0A76-44D7-954C-4E344D17C911}.Debug|Any CPU.Build.0 = Debug|Any CPU
		{C6CEFE22-0A76-44D7-954C-4E344D17C911}.Release|Any CPU.ActiveCfg = Release|Any CPU
		{C6CEFE22-0A76-44D7-954C-4E344D17C911}.Release|Any CPU.Build.0 = Release|Any CPU
		{4C5B1B4F-53BE-424D-8B75-80B633F7D740}.Debug|Any CPU.ActiveCfg = Debug|Any CPU
		{4C5B1B4F-53BE-424D-8B75-80B633F7D740}.Debug|Any CPU.Build.0 = Debug|Any CPU
		{4C5B1B4F-53BE-424D-8B75-80B633F7D740}.Release|Any CPU.ActiveCfg = Release|Any CPU
		{4C5B1B4F-53BE-424D-8B75-80B633F7D740}.Release|Any CPU.Build.0 = Release|Any CPU
		{2A26C572-82BB-470D-B2C5-A2B2E0AF309E}.Debug|Any CPU.ActiveCfg = Debug|Any CPU
		{2A26C572-82BB-470D-B2C5-A2B2E0AF309E}.Debug|Any CPU.Build.0 = Debug|Any CPU
		{2A26C572-82BB-470D-B2C5-A2B2E0AF309E}.Release|Any CPU.ActiveCfg = Release|Any CPU
		{2A26C572-82BB-470D-B2C5-A2B2E0AF309E}.Release|Any CPU.Build.0 = Release|Any CPU
		{95ED3F48-5D8A-4731-A027-4CC314CF9B1B}.Debug|Any CPU.ActiveCfg = Debug|Any CPU
		{95ED3F48-5D8A-4731-A027-4CC314CF9B1B}.Debug|Any CPU.Build.0 = Debug|Any CPU
		{95ED3F48-5D8A-4731-A027-4CC314CF9B1B}.Release|Any CPU.ActiveCfg = Release|Any CPU
		{95ED3F48-5D8A-4731-A027-4CC314CF9B1B}.Release|Any CPU.Build.0 = Release|Any CPU
		{88344BDC-CC04-451D-A21A-5FCBC8680DEE}.Debug|Any CPU.ActiveCfg = Debug|Any CPU
		{88344BDC-CC04-451D-A21A-5FCBC8680DEE}.Debug|Any CPU.Build.0 = Debug|Any CPU
		{88344BDC-CC04-451D-A21A-5FCBC8680DEE}.Release|Any CPU.ActiveCfg = Release|Any CPU
		{88344BDC-CC04-451D-A21A-5FCBC8680DEE}.Release|Any CPU.Build.0 = Release|Any CPU
		{4040166B-35AE-4399-86E9-C516BE485923}.Debug|Any CPU.ActiveCfg = Debug|Any CPU
		{4040166B-35AE-4399-86E9-C516BE485923}.Debug|Any CPU.Build.0 = Debug|Any CPU
		{4040166B-35AE-4399-86E9-C516BE485923}.Release|Any CPU.ActiveCfg = Release|Any CPU
		{4040166B-35AE-4399-86E9-C516BE485923}.Release|Any CPU.Build.0 = Release|Any CPU
	EndGlobalSection
	GlobalSection(SolutionProperties) = preSolution
		HideSolutionNode = FALSE
	EndGlobalSection
	GlobalSection(NestedProjects) = preSolution
		{E3ED284F-4262-44B1-9B08-6065F948B912} = {9206B9EA-F979-4CD1-9ABE-1FF2A717EFE4}
		{09BC7C3B-3FAC-48F0-912F-45401197586D} = {003482EA-29E2-43F4-98D4-0E952322F461}
		{3DD938E0-EF2F-4C4E-9F5D-49425012BD62} = {E53F4C1C-A37A-468B-B4C3-CEBD0D54B0EB}
		{50E42EA1-3202-4E0D-A1DC-38698003285B} = {38EA14BE-9D1C-4C49-B7B2-3BE6262F86A1}
		{4CD019C5-E422-4B4A-8A3A-292B70F5E56F} = {50E42EA1-3202-4E0D-A1DC-38698003285B}
		{454CF247-795A-438B-9006-963D83C78069} = {50E42EA1-3202-4E0D-A1DC-38698003285B}
		{96E72F69-6500-4F5D-9C86-623CF7B441CC} = {50E42EA1-3202-4E0D-A1DC-38698003285B}
		{C61A5FF7-9497-4072-A450-0F8C0CC5C07D} = {50E42EA1-3202-4E0D-A1DC-38698003285B}
		{AE5361BF-1137-49A9-BD34-14A2EA236FB1} = {4CD019C5-E422-4B4A-8A3A-292B70F5E56F}
		{EEE39379-ABA7-48A0-9A5E-BFEF878BB86A} = {454CF247-795A-438B-9006-963D83C78069}
		{C6CEFE22-0A76-44D7-954C-4E344D17C911} = {96E72F69-6500-4F5D-9C86-623CF7B441CC}
		{4C5B1B4F-53BE-424D-8B75-80B633F7D740} = {C61A5FF7-9497-4072-A450-0F8C0CC5C07D}
		{E64D589E-7012-4C1A-ACEC-A26E6A4BD921} = {38EA14BE-9D1C-4C49-B7B2-3BE6262F86A1}
		{280EC4B9-89CF-4E9B-AAB8-7B99ADDD5154} = {E64D589E-7012-4C1A-ACEC-A26E6A4BD921}
		{86151A50-96FD-4FFB-8E6F-8917B2C86647} = {E64D589E-7012-4C1A-ACEC-A26E6A4BD921}
		{C9CCE14A-3B7A-48BD-A27D-ABEBE26873A8} = {E64D589E-7012-4C1A-ACEC-A26E6A4BD921}
		{34CF1FE3-E644-4FDA-920A-AF30DDFC1566} = {E64D589E-7012-4C1A-ACEC-A26E6A4BD921}
		{2A26C572-82BB-470D-B2C5-A2B2E0AF309E} = {280EC4B9-89CF-4E9B-AAB8-7B99ADDD5154}
		{95ED3F48-5D8A-4731-A027-4CC314CF9B1B} = {86151A50-96FD-4FFB-8E6F-8917B2C86647}
		{88344BDC-CC04-451D-A21A-5FCBC8680DEE} = {C9CCE14A-3B7A-48BD-A27D-ABEBE26873A8}
		{4040166B-35AE-4399-86E9-C516BE485923} = {34CF1FE3-E644-4FDA-920A-AF30DDFC1566}
	EndGlobalSection
	GlobalSection(ExtensibilityGlobals) = postSolution
		SolutionGuid = {46346A8D-849C-4E6C-A73A-41008C45C992}
	EndGlobalSection
EndGlobal
